github.com/e-XpertSolutions/go-iforest/v2 v2.0.0 h1:Dg5VGxlZ5o3/ExCofie4BKcmu36zm5TTGiSXoPMBopg=
github.com/e-XpertSolutions/go-iforest/v2 v2.0.0/go.mod h1:geFQshM3r85G+wv2Ehgw01Gn9yT0MzkSvVejDao+Hlo=
github.com/petar/GoMNIST v0.0.0-20150320212226-2fbe10d0fa63 h1:xS51uYfMeRA+pLKKsXaM/UI06LkyRQ1ItZgOvrOgIu8=
github.com/petar/GoMNIST v0.0.0-20150320212226-2fbe10d0fa63/go.mod h1:d7fwuOuDrb75/3iplL4oWbe4MBZgWil/pSVR3ItECVU=
